{
  "name": "shopless.js",
  "version": "1.0.0",
  "lockfileVersion": 1,
  "requires": true,
  "dependencies": {
    "decimal.js-light": {
      "version": "2.4.1",
      "resolved": "https://registry.npmjs.org/decimal.js-light/-/decimal.js-light-2.4.1.tgz",
      "integrity": "sha512-OToPy7ssm+ha36h4Af2Yyh3ky51GcKmirdTcyQ1zmjCzV8/M6kqJqjOYMSxWAfm311mtOWLZPnD13JcQngr3vw=="
    }
  }
}
